
Microsoft Visual Studio Solution File, Format Version 12.00
# Visual Studio Version 17
VisualStudioVersion = 17.4.33213.308
MinimumVisualStudioVersion = 10.0.40219.1
Project("{FAE04EC0-301F-11D3-BF4B-00C04F79EFBC}") = "AtmApp.UI", "AtmApp.UI\AtmApp.UI.csproj", "{6EF04372-7A80-4F1D-B4D4-083C0E98F9A8}"
EndProject
Project("{FAE04EC0-301F-11D3-BF4B-00C04F79EFBC}") = "AtmApp.DATA", "AtmApp.DATA\AtmApp.DATA.csproj", "{DCCADFA9-F1BF-4CF8-90AD-8709B5DB5F80}"
EndProject
Project("{FAE04EC0-301F-11D3-BF4B-00C04F79EFBC}") = "AtmApp.DOMAIN", "AtmApp.DOMAIN\AtmApp.DOMAIN.csproj", "{C84DDAFD-8284-4A55-BC2B-1A3703B3B0D5}"
EndProject
Project("{2150E333-8FDC-42A3-9474-1A3956D46DE8}") = "Solution Items", "Solution Items", "{E8F41B1A-BB20-493F-B3EA-60092FEC254B}"
	ProjectSection(SolutionItems) = preProject
		README.md = README.md
	EndProjectSection
EndProject
Global
	GlobalSection(SolutionConfigurationPlatforms) = preSolution
		Debug|Any CPU = Debug|Any CPU
		Release|Any CPU = Release|Any CPU
	EndGlobalSection
	GlobalSection(ProjectConfigurationPlatforms) = postSolution
		{6EF04372-7A80-4F1D-B4D4-083C0E98F9A8}.Debug|Any CPU.ActiveCfg = Debug|Any CPU
		{6EF04372-7A80-4F1D-B4D4-083C0E98F9A8}.Debug|Any CPU.Build.0 = Debug|Any CPU
		{6EF04372-7A80-4F1D-B4D4-083C0E98F9A8}.Release|Any CPU.ActiveCfg = Release|Any CPU
		{6EF04372-7A80-4F1D-B4D4-083C0E98F9A8}.Release|Any CPU.Build.0 = Release|Any CPU
		{DCCADFA9-F1BF-4CF8-90AD-8709B5DB5F80}.Debug|Any CPU.ActiveCfg = Debug|Any CPU
		{DCCADFA9-F1BF-4CF8-90AD-8709B5DB5F80}.Debug|Any CPU.Build.0 = Debug|Any CPU
		{DCCADFA9-F1BF-4CF8-90AD-8709B5DB5F80}.Release|Any CPU.ActiveCfg = Release|Any CPU
		{DCCADFA9-F1BF-4CF8-90AD-8709B5DB5F80}.Release|Any CPU.Build.0 = Release|Any CPU
		{C84DDAFD-8284-4A55-BC2B-1A3703B3B0D5}.Debug|Any CPU.ActiveCfg = Debug|Any CPU
		{C84DDAFD-8284-4A55-BC2B-1A3703B3B0D5}.Debug|Any CPU.Build.0 = Debug|Any CPU
		{C84DDAFD-8284-4A55-BC2B-1A3703B3B0D5}.Release|Any CPU.ActiveCfg = Release|Any CPU
		{C84DDAFD-8284-4A55-BC2B-1A3703B3B0D5}.Release|Any CPU.Build.0 = Release|Any CPU
	EndGlobalSection
	GlobalSection(SolutionProperties) = preSolution
		HideSolutionNode = FALSE
	EndGlobalSection
	GlobalSection(ExtensibilityGlobals) = postSolution
		SolutionGuid = {9CF7D52A-B9FB-47E3-8078-C5B05B7B0AE2}
	EndGlobalSection
EndGlobal
